
Microsoft Visual Studio Solution File, Format Version 12.00
# Visual Studio Version 17
VisualStudioVersion = 17.8.34408.163
MinimumVisualStudioVersion = 10.0.40219.1
Project("{8BC9CEB8-8B4A-11D0-8D11-00A0C91BC942}") = "gpu_sudoku_solver", "gpu_sudoku_solver\gpu_sudoku_solver.vcxproj", "{21094413-B0A5-4CD4-BFAD-D2B14BA37512}"
EndProject
Global
	GlobalSection(SolutionConfigurationPlatforms) = preSolution
		Debug|x64 = Debug|x64
		Release|x64 = Release|x64
	EndGlobalSection
	GlobalSection(ProjectConfigurationPlatforms) = postSolution
		{21094413-B0A5-4CD4-BFAD-D2B14BA37512}.Debug|x64.ActiveCfg = Debug|x64
		{21094413-B0A5-4CD4-BFAD-D2B14BA37512}.Debug|x64.Build.0 = Debug|x64
		{21094413-B0A5-4CD4-BFAD-D2B14BA37512}.Release|x64.ActiveCfg = Release|x64
		{21094413-B0A5-4CD4-BFAD-D2B14BA37512}.Release|x64.Build.0 = Release|x64
	EndGlobalSection
	GlobalSection(SolutionProperties) = preSolution
		HideSolutionNode = FALSE
	EndGlobalSection
	GlobalSection(ExtensibilityGlobals) = postSolution
		SolutionGuid = {8C3304BD-FB33-4B9B-BCBD-DD5A3912F3F8}
	EndGlobalSection
EndGlobal
